// !$*UTF8*$!
{
	archiveVersion = 1;
	classes = {
	};
	objectVersion = 56;
	objects = {

/* Begin PBXBuildFile section */
		5045864529FC589F00A7D421 /* NavBarView.swift in Sources */ = {isa = PBXBuildFile; fileRef = 5045864429FC589F00A7D421 /* NavBarView.swift */; };
		50595C9129FB49500061C50E /* FirebaseAnalytics in Frameworks */ = {isa = PBXBuildFile; productRef = 50595C9029FB49500061C50E /* FirebaseAnalytics */; };
		50595C9329FB49500061C50E /* FirebaseAnalyticsOnDeviceConversion in Frameworks */ = {isa = PBXBuildFile; productRef = 50595C9229FB49500061C50E /* FirebaseAnalyticsOnDeviceConversion */; };
		50595C9529FB49500061C50E /* FirebaseAnalyticsSwift in Frameworks */ = {isa = PBXBuildFile; productRef = 50595C9429FB49500061C50E /* FirebaseAnalyticsSwift */; };
		50595C9729FB49500061C50E /* FirebaseAnalyticsWithoutAdIdSupport in Frameworks */ = {isa = PBXBuildFile; productRef = 50595C9629FB49500061C50E /* FirebaseAnalyticsWithoutAdIdSupport */; };
		50595C9929FB49500061C50E /* FirebaseAppCheck in Frameworks */ = {isa = PBXBuildFile; productRef = 50595C9829FB49500061C50E /* FirebaseAppCheck */; };
		50595C9B29FB49500061C50E /* FirebaseAppDistribution-Beta in Frameworks */ = {isa = PBXBuildFile; productRef = 50595C9A29FB49500061C50E /* FirebaseAppDistribution-Beta */; };
		50595C9D29FB49500061C50E /* FirebaseAuth in Frameworks */ = {isa = PBXBuildFile; productRef = 50595C9C29FB49500061C50E /* FirebaseAuth */; };
		50595C9F29FB49500061C50E /* FirebaseAuthCombine-Community in Frameworks */ = {isa = PBXBuildFile; productRef = 50595C9E29FB49500061C50E /* FirebaseAuthCombine-Community */; };
		50595CA129FB49500061C50E /* FirebaseCrashlytics in Frameworks */ = {isa = PBXBuildFile; productRef = 50595CA029FB49500061C50E /* FirebaseCrashlytics */; };
		50595CA329FB49500061C50E /* FirebaseDatabase in Frameworks */ = {isa = PBXBuildFile; productRef = 50595CA229FB49500061C50E /* FirebaseDatabase */; };
		50595CA529FB49500061C50E /* FirebaseDatabaseSwift in Frameworks */ = {isa = PBXBuildFile; productRef = 50595CA429FB49500061C50E /* FirebaseDatabaseSwift */; };
		50595CA729FB49500061C50E /* FirebaseDynamicLinks in Frameworks */ = {isa = PBXBuildFile; productRef = 50595CA629FB49500061C50E /* FirebaseDynamicLinks */; };
		50595CA929FB49500061C50E /* FirebaseFirestore in Frameworks */ = {isa = PBXBuildFile; productRef = 50595CA829FB49500061C50E /* FirebaseFirestore */; };
		50595CAB29FB49500061C50E /* FirebaseFirestoreCombine-Community in Frameworks */ = {isa = PBXBuildFile; productRef = 50595CAA29FB49500061C50E /* FirebaseFirestoreCombine-Community */; };
		50595CAD29FB49500061C50E /* FirebaseFirestoreSwift in Frameworks */ = {isa = PBXBuildFile; productRef = 50595CAC29FB49500061C50E /* FirebaseFirestoreSwift */; };
		50595CAF29FB49500061C50E /* FirebaseFunctions in Frameworks */ = {isa = PBXBuildFile; productRef = 50595CAE29FB49500061C50E /* FirebaseFunctions */; };
		50595CB129FB49500061C50E /* FirebaseFunctionsCombine-Community in Frameworks */ = {isa = PBXBuildFile; productRef = 50595CB029FB49500061C50E /* FirebaseFunctionsCombine-Community */; };
		50595CB329FB49500061C50E /* FirebaseInAppMessaging-Beta in Frameworks */ = {isa = PBXBuildFile; productRef = 50595CB229FB49500061C50E /* FirebaseInAppMessaging-Beta */; };
		50595CB529FB49500061C50E /* FirebaseInAppMessagingSwift-Beta in Frameworks */ = {isa = PBXBuildFile; productRef = 50595CB429FB49500061C50E /* FirebaseInAppMessagingSwift-Beta */; };
		50595CB729FB49500061C50E /* FirebaseInstallations in Frameworks */ = {isa = PBXBuildFile; productRef = 50595CB629FB49500061C50E /* FirebaseInstallations */; };
		50595CB929FB49500061C50E /* FirebaseMLModelDownloader in Frameworks */ = {isa = PBXBuildFile; productRef = 50595CB829FB49500061C50E /* FirebaseMLModelDownloader */; };
		50595CBB29FB49500061C50E /* FirebaseMessaging in Frameworks */ = {isa = PBXBuildFile; productRef = 50595CBA29FB49500061C50E /* FirebaseMessaging */; };
		50595CBD29FB49500061C50E /* FirebasePerformance in Frameworks */ = {isa = PBXBuildFile; productRef = 50595CBC29FB49500061C50E /* FirebasePerformance */; };
		50595CBF29FB49500061C50E /* FirebaseRemoteConfig in Frameworks */ = {isa = PBXBuildFile; productRef = 50595CBE29FB49500061C50E /* FirebaseRemoteConfig */; };
		50595CC129FB49500061C50E /* FirebaseRemoteConfigSwift in Frameworks */ = {isa = PBXBuildFile; productRef = 50595CC029FB49500061C50E /* FirebaseRemoteConfigSwift */; };
		50595CC329FB49500061C50E /* FirebaseStorage in Frameworks */ = {isa = PBXBuildFile; productRef = 50595CC229FB49500061C50E /* FirebaseStorage */; };
		50595CC529FB49500061C50E /* FirebaseStorageCombine-Community in Frameworks */ = {isa = PBXBuildFile; productRef = 50595CC429FB49500061C50E /* FirebaseStorageCombine-Community */; };
		50595CC729FB533A0061C50E /* GoogleService-Info.plist in Resources */ = {isa = PBXBuildFile; fileRef = 50595CC629FB533A0061C50E /* GoogleService-Info.plist */; };
		507884F729EE2DFD00982CCC /* CampusFitApp.swift in Sources */ = {isa = PBXBuildFile; fileRef = 507884F629EE2DFD00982CCC /* CampusFitApp.swift */; };
		507884FB29EE2DFF00982CCC /* Assets.xcassets in Resources */ = {isa = PBXBuildFile; fileRef = 507884FA29EE2DFF00982CCC /* Assets.xcassets */; };
		507884FE29EE2DFF00982CCC /* Preview Assets.xcassets in Resources */ = {isa = PBXBuildFile; fileRef = 507884FD29EE2DFF00982CCC /* Preview Assets.xcassets */; };
		50C7267F29EF3DFA00249451 /* ChallengeView.swift in Sources */ = {isa = PBXBuildFile; fileRef = 50C7267E29EF3DFA00249451 /* ChallengeView.swift */; };
		50C7268129F0976200249451 /* Profile.swift in Sources */ = {isa = PBXBuildFile; fileRef = 50C7268029F0976200249451 /* Profile.swift */; };
		50C7268529F310FD00249451 /* SettingView.swift in Sources */ = {isa = PBXBuildFile; fileRef = 50C7268429F310FD00249451 /* SettingView.swift */; };
		E33C06C629EF505A00B34C6E /* SocialMedia.swift in Sources */ = {isa = PBXBuildFile; fileRef = E33C06C529EF505A00B34C6E /* SocialMedia.swift */; };
		E33C06C829EF50C700B34C6E /* Message.swift in Sources */ = {isa = PBXBuildFile; fileRef = E33C06C729EF50C700B34C6E /* Message.swift */; };
		E33C06CA29EF50E500B34C6E /* Events.swift in Sources */ = {isa = PBXBuildFile; fileRef = E33C06C929EF50E400B34C6E /* Events.swift */; };
		E33C06CC29EFB53700B34C6E /* Comments.swift in Sources */ = {isa = PBXBuildFile; fileRef = E33C06CB29EFB53700B34C6E /* Comments.swift */; };
		E33C06CE29F08A9500B34C6E /* ContentView.swift in Sources */ = {isa = PBXBuildFile; fileRef = E33C06CD29F08A9500B34C6E /* ContentView.swift */; };
		E33C06D229F09CD900B34C6E /* Share.swift in Sources */ = {isa = PBXBuildFile; fileRef = E33C06D129F09CD900B34C6E /* Share.swift */; };
		E33C06D429F0B05E00B34C6E /* Search.swift in Sources */ = {isa = PBXBuildFile; fileRef = E33C06D329F0B05E00B34C6E /* Search.swift */; };
/* End PBXBuildFile section */

/* Begin PBXFileReference section */
		5045864429FC589F00A7D421 /* NavBarView.swift */ = {isa = PBXFileReference; lastKnownFileType = sourcecode.swift; path = NavBarView.swift; sourceTree = "<group>"; };
		50595CC629FB533A0061C50E /* GoogleService-Info.plist */ = {isa = PBXFileReference; fileEncoding = 4; lastKnownFileType = text.plist.xml; path = "GoogleService-Info.plist"; sourceTree = "<group>"; };
		507884F329EE2DFD00982CCC /* CampusFit.app */ = {isa = PBXFileReference; explicitFileType = wrapper.application; includeInIndex = 0; path = CampusFit.app; sourceTree = BUILT_PRODUCTS_DIR; };
		507884F629EE2DFD00982CCC /* CampusFitApp.swift */ = {isa = PBXFileReference; lastKnownFileType = sourcecode.swift; path = CampusFitApp.swift; sourceTree = "<group>"; };
		507884FA29EE2DFF00982CCC /* Assets.xcassets */ = {isa = PBXFileReference; lastKnownFileType = folder.assetcatalog; path = Assets.xcassets; sourceTree = "<group>"; };
		507884FD29EE2DFF00982CCC /* Preview Assets.xcassets */ = {isa = PBXFileReference; lastKnownFileType = folder.assetcatalog; path = "Preview Assets.xcassets"; sourceTree = "<group>"; };
		50C7267E29EF3DFA00249451 /* ChallengeView.swift */ = {isa = PBXFileReference; lastKnownFileType = sourcecode.swift; path = ChallengeView.swift; sourceTree = "<group>"; };
		50C7268029F0976200249451 /* Profile.swift */ = {isa = PBXFileReference; lastKnownFileType = sourcecode.swift; path = Profile.swift; sourceTree = "<group>"; };
		50C7268429F310FD00249451 /* SettingView.swift */ = {isa = PBXFileReference; lastKnownFileType = sourcecode.swift; path = SettingView.swift; sourceTree = "<group>"; };
		E33C06C529EF505A00B34C6E /* SocialMedia.swift */ = {isa = PBXFileReference; lastKnownFileType = sourcecode.swift; path = SocialMedia.swift; sourceTree = "<group>"; };
		E33C06C729EF50C700B34C6E /* Message.swift */ = {isa = PBXFileReference; lastKnownFileType = sourcecode.swift; path = Message.swift; sourceTree = "<group>"; };
		E33C06C929EF50E400B34C6E /* Events.swift */ = {isa = PBXFileReference; lastKnownFileType = sourcecode.swift; path = Events.swift; sourceTree = "<group>"; };
		E33C06CB29EFB53700B34C6E /* Comments.swift */ = {isa = PBXFileReference; lastKnownFileType = sourcecode.swift; path = Comments.swift; sourceTree = "<group>"; };
		E33C06CD29F08A9500B34C6E /* ContentView.swift */ = {isa = PBXFileReference; lastKnownFileType = sourcecode.swift; path = ContentView.swift; sourceTree = "<group>"; };
		E33C06D129F09CD900B34C6E /* Share.swift */ = {isa = PBXFileReference; lastKnownFileType = sourcecode.swift; path = Share.swift; sourceTree = "<group>"; };
		E33C06D329F0B05E00B34C6E /* Search.swift */ = {isa = PBXFileReference; lastKnownFileType = sourcecode.swift; path = Search.swift; sourceTree = "<group>"; };
/* End PBXFileReference section */

/* Begin PBXFrameworksBuildPhase section */
		507884F029EE2DFD00982CCC /* Frameworks */ = {
			isa = PBXFrameworksBuildPhase;
			buildActionMask = 2147483647;
			files = (
				50595CA329FB49500061C50E /* FirebaseDatabase in Frameworks */,
				50595CB129FB49500061C50E /* FirebaseFunctionsCombine-Community in Frameworks */,
				50595CA929FB49500061C50E /* FirebaseFirestore in Frameworks */,
				50595C9529FB49500061C50E /* FirebaseAnalyticsSwift in Frameworks */,
				50595C9129FB49500061C50E /* FirebaseAnalytics in Frameworks */,
				50595C9329FB49500061C50E /* FirebaseAnalyticsOnDeviceConversion in Frameworks */,
				50595CB929FB49500061C50E /* FirebaseMLModelDownloader in Frameworks */,
				50595CAD29FB49500061C50E /* FirebaseFirestoreSwift in Frameworks */,
				50595C9929FB49500061C50E /* FirebaseAppCheck in Frameworks */,
				50595C9729FB49500061C50E /* FirebaseAnalyticsWithoutAdIdSupport in Frameworks */,
				50595C9D29FB49500061C50E /* FirebaseAuth in Frameworks */,
				50595CA129FB49500061C50E /* FirebaseCrashlytics in Frameworks */,
				50595CC129FB49500061C50E /* FirebaseRemoteConfigSwift in Frameworks */,
				50595CB329FB49500061C50E /* FirebaseInAppMessaging-Beta in Frameworks */,
				50595CA529FB49500061C50E /* FirebaseDatabaseSwift in Frameworks */,
				50595CAF29FB49500061C50E /* FirebaseFunctions in Frameworks */,
				50595CC529FB49500061C50E /* FirebaseStorageCombine-Community in Frameworks */,
				50595CBF29FB49500061C50E /* FirebaseRemoteConfig in Frameworks */,
				50595C9B29FB49500061C50E /* FirebaseAppDistribution-Beta in Frameworks */,
				50595C9F29FB49500061C50E /* FirebaseAuthCombine-Community in Frameworks */,
				50595CBD29FB49500061C50E /* FirebasePerformance in Frameworks */,
				50595CB529FB49500061C50E /* FirebaseInAppMessagingSwift-Beta in Frameworks */,
				50595CC329FB49500061C50E /* FirebaseStorage in Frameworks */,
				50595CA729FB49500061C50E /* FirebaseDynamicLinks in Frameworks */,
				50595CAB29FB49500061C50E /* FirebaseFirestoreCombine-Community in Frameworks */,
				50595CBB29FB49500061C50E /* FirebaseMessaging in Frameworks */,
				50595CB729FB49500061C50E /* FirebaseInstallations in Frameworks */,
			);
			runOnlyForDeploymentPostprocessing = 0;
		};
/* End PBXFrameworksBuildPhase section */

/* Begin PBXGroup section */
		507884EA29EE2DFD00982CCC = {
			isa = PBXGroup;
			children = (
				507884F529EE2DFD00982CCC /* CampusFit */,
				507884F429EE2DFD00982CCC /* Products */,
			);
			sourceTree = "<group>";
		};
		507884F429EE2DFD00982CCC /* Products */ = {
			isa = PBXGroup;
			children = (
				507884F329EE2DFD00982CCC /* CampusFit.app */,
			);
			name = Products;
			sourceTree = "<group>";
		};
		507884F529EE2DFD00982CCC /* CampusFit */ = {
			isa = PBXGroup;
			children = (
				507884F629EE2DFD00982CCC /* CampusFitApp.swift */,
				E33C06CD29F08A9500B34C6E /* ContentView.swift */,
				E33C06C529EF505A00B34C6E /* SocialMedia.swift */,
				50C7268029F0976200249451 /* Profile.swift */,
				50C7268429F310FD00249451 /* SettingView.swift */,
				50C7267E29EF3DFA00249451 /* ChallengeView.swift */,
				E33C06D329F0B05E00B34C6E /* Search.swift */,
				E33C06C929EF50E400B34C6E /* Events.swift */,
				E33C06C729EF50C700B34C6E /* Message.swift */,
				E33C06CB29EFB53700B34C6E /* Comments.swift */,
				E33C06D129F09CD900B34C6E /* Share.swift */,
				5045864429FC589F00A7D421 /* NavBarView.swift */,
				50595CC629FB533A0061C50E /* GoogleService-Info.plist */,
				507884FA29EE2DFF00982CCC /* Assets.xcassets */,
				507884FC29EE2DFF00982CCC /* Preview Content */,
			);
			path = CampusFit;
			sourceTree = "<group>";
		};
		507884FC29EE2DFF00982CCC /* Preview Content */ = {
			isa = PBXGroup;
			children = (
				507884FD29EE2DFF00982CCC /* Preview Assets.xcassets */,
			);
			path = "Preview Content";
			sourceTree = "<group>";
		};
/* End PBXGroup section */

/* Begin PBXNativeTarget section */
		507884F229EE2DFD00982CCC /* CampusFit */ = {
			isa = PBXNativeTarget;
			buildConfigurationList = 5078850129EE2DFF00982CCC /* Build configuration list for PBXNativeTarget "CampusFit" */;
			buildPhases = (
				507884EF29EE2DFD00982CCC /* Sources */,
				507884F029EE2DFD00982CCC /* Frameworks */,
				507884F129EE2DFD00982CCC /* Resources */,
			);
			buildRules = (
			);
			dependencies = (
			);
			name = CampusFit;
			packageProductDependencies = (
				50595C9029FB49500061C50E /* FirebaseAnalytics */,
				50595C9229FB49500061C50E /* FirebaseAnalyticsOnDeviceConversion */,
				50595C9429FB49500061C50E /* FirebaseAnalyticsSwift */,
				50595C9629FB49500061C50E /* FirebaseAnalyticsWithoutAdIdSupport */,
				50595C9829FB49500061C50E /* FirebaseAppCheck */,
				50595C9A29FB49500061C50E /* FirebaseAppDistribution-Beta */,
				50595C9C29FB49500061C50E /* FirebaseAuth */,
				50595C9E29FB49500061C50E /* FirebaseAuthCombine-Community */,
				50595CA029FB49500061C50E /* FirebaseCrashlytics */,
				50595CA229FB49500061C50E /* FirebaseDatabase */,
				50595CA429FB49500061C50E /* FirebaseDatabaseSwift */,
				50595CA629FB49500061C50E /* FirebaseDynamicLinks */,
				50595CA829FB49500061C50E /* FirebaseFirestore */,
				50595CAA29FB49500061C50E /* FirebaseFirestoreCombine-Community */,
				50595CAC29FB49500061C50E /* FirebaseFirestoreSwift */,
				50595CAE29FB49500061C50E /* FirebaseFunctions */,
				50595CB029FB49500061C50E /* FirebaseFunctionsCombine-Community */,
				50595CB229FB49500061C50E /* FirebaseInAppMessaging-Beta */,
				50595CB429FB49500061C50E /* FirebaseInAppMessagingSwift-Beta */,
				50595CB629FB49500061C50E /* FirebaseInstallations */,
				50595CB829FB49500061C50E /* FirebaseMLModelDownloader */,
				50595CBA29FB49500061C50E /* FirebaseMessaging */,
				50595CBC29FB49500061C50E /* FirebasePerformance */,
				50595CBE29FB49500061C50E /* FirebaseRemoteConfig */,
				50595CC029FB49500061C50E /* FirebaseRemoteConfigSwift */,
				50595CC229FB49500061C50E /* FirebaseStorage */,
				50595CC429FB49500061C50E /* FirebaseStorageCombine-Community */,
			);
			productName = CampusFit;
			productReference = 507884F329EE2DFD00982CCC /* CampusFit.app */;
			productType = "com.apple.product-type.application";
		};
/* End PBXNativeTarget section */

/* Begin PBXProject section */
		507884EB29EE2DFD00982CCC /* Project object */ = {
			isa = PBXProject;
			attributes = {
				BuildIndependentTargetsInParallel = 1;
				LastSwiftUpdateCheck = 1430;
				LastUpgradeCheck = 1430;
				TargetAttributes = {
					507884F229EE2DFD00982CCC = {
						CreatedOnToolsVersion = 14.3;
					};
				};
			};
			buildConfigurationList = 507884EE29EE2DFD00982CCC /* Build configuration list for PBXProject "CampusFit" */;
			compatibilityVersion = "Xcode 14.0";
			developmentRegion = en;
			hasScannedForEncodings = 0;
			knownRegions = (
				en,
				Base,
			);
			mainGroup = 507884EA29EE2DFD00982CCC;
			packageReferences = (
				50595C8F29FB49500061C50E /* XCRemoteSwiftPackageReference "firebase-ios-sdk" */,
			);
			productRefGroup = 507884F429EE2DFD00982CCC /* Products */;
			projectDirPath = "";
			projectRoot = "";
			targets = (
				507884F229EE2DFD00982CCC /* CampusFit */,
			);
		};
/* End PBXProject section */

/* Begin PBXResourcesBuildPhase section */
		507884F129EE2DFD00982CCC /* Resources */ = {
			isa = PBXResourcesBuildPhase;
			buildActionMask = 2147483647;
			files = (
				507884FE29EE2DFF00982CCC /* Preview Assets.xcassets in Resources */,
				507884FB29EE2DFF00982CCC /* Assets.xcassets in Resources */,
				50595CC729FB533A0061C50E /* GoogleService-Info.plist in Resources */,
			);
			runOnlyForDeploymentPostprocessing = 0;
		};
/* End PBXResourcesBuildPhase section */

/* Begin PBXSourcesBuildPhase section */
		507884EF29EE2DFD00982CCC /* Sources */ = {
			isa = PBXSourcesBuildPhase;
			buildActionMask = 2147483647;
			files = (
				50C7268529F310FD00249451 /* SettingView.swift in Sources */,
				50C7268129F0976200249451 /* Profile.swift in Sources */,
				E33C06C629EF505A00B34C6E /* SocialMedia.swift in Sources */,
				E33C06CC29EFB53700B34C6E /* Comments.swift in Sources */,
				5045864529FC589F00A7D421 /* NavBarView.swift in Sources */,
				E33C06D229F09CD900B34C6E /* Share.swift in Sources */,
				E33C06CE29F08A9500B34C6E /* ContentView.swift in Sources */,
				E33C06C829EF50C700B34C6E /* Message.swift in Sources */,
				E33C06D429F0B05E00B34C6E /* Search.swift in Sources */,
				507884F729EE2DFD00982CCC /* CampusFitApp.swift in Sources */,
				50C7267F29EF3DFA00249451 /* ChallengeView.swift in Sources */,
				E33C06CA29EF50E500B34C6E /* Events.swift in Sources */,
			);
			runOnlyForDeploymentPostprocessing = 0;
		};
/* End PBXSourcesBuildPhase section */

/* Begin XCBuildConfiguration section */
		507884FF29EE2DFF00982CCC /* Debug */ = {
			isa = XCBuildConfiguration;
			buildSettings = {
				ALWAYS_SEARCH_USER_PATHS = NO;
				CLANG_ANALYZER_NONNULL = YES;
				CLANG_ANALYZER_NUMBER_OBJECT_CONVERSION = YES_AGGRESSIVE;
				CLANG_CXX_LANGUAGE_STANDARD = "gnu++20";
				CLANG_ENABLE_MODULES = YES;
				CLANG_ENABLE_OBJC_ARC = YES;
				CLANG_ENABLE_OBJC_WEAK = YES;
				CLANG_WARN_BLOCK_CAPTURE_AUTORELEASING = YES;
				CLANG_WARN_BOOL_CONVERSION = YES;
				CLANG_WARN_COMMA = YES;
				CLANG_WARN_CONSTANT_CONVERSION = YES;
				CLANG_WARN_DEPRECATED_OBJC_IMPLEMENTATIONS = YES;
				CLANG_WARN_DIRECT_OBJC_ISA_USAGE = YES_ERROR;
				CLANG_WARN_DOCUMENTATION_COMMENTS = YES;
				CLANG_WARN_EMPTY_BODY = YES;
				CLANG_WARN_ENUM_CONVERSION = YES;
				CLANG_WARN_INFINITE_RECURSION = YES;
				CLANG_WARN_INT_CONVERSION = YES;
				CLANG_WARN_NON_LITERAL_NULL_CONVERSION = YES;
				CLANG_WARN_OBJC_IMPLICIT_RETAIN_SELF = YES;
				CLANG_WARN_OBJC_LITERAL_CONVERSION = YES;
				CLANG_WARN_OBJC_ROOT_CLASS = YES_ERROR;
				CLANG_WARN_QUOTED_INCLUDE_IN_FRAMEWORK_HEADER = YES;
				CLANG_WARN_RANGE_LOOP_ANALYSIS = YES;
				CLANG_WARN_STRICT_PROTOTYPES = YES;
				CLANG_WARN_SUSPICIOUS_MOVE = YES;
				CLANG_WARN_UNGUARDED_AVAILABILITY = YES_AGGRESSIVE;
				CLANG_WARN_UNREACHABLE_CODE = YES;
				CLANG_WARN__DUPLICATE_METHOD_MATCH = YES;
				COPY_PHASE_STRIP = NO;
				DEBUG_INFORMATION_FORMAT = dwarf;
				ENABLE_STRICT_OBJC_MSGSEND = YES;
				ENABLE_TESTABILITY = YES;
				GCC_C_LANGUAGE_STANDARD = gnu11;
				GCC_DYNAMIC_NO_PIC = NO;
				GCC_NO_COMMON_BLOCKS = YES;
				GCC_OPTIMIZATION_LEVEL = 0;
				GCC_PREPROCESSOR_DEFINITIONS = (
					"DEBUG=1",
					"$(inherited)",
				);
				GCC_WARN_64_TO_32_BIT_CONVERSION = YES;
				GCC_WARN_ABOUT_RETURN_TYPE = YES_ERROR;
				GCC_WARN_UNDECLARED_SELECTOR = YES;
				GCC_WARN_UNINITIALIZED_AUTOS = YES_AGGRESSIVE;
				GCC_WARN_UNUSED_FUNCTION = YES;
				GCC_WARN_UNUSED_VARIABLE = YES;
				IPHONEOS_DEPLOYMENT_TARGET = 16.4;
				MTL_ENABLE_DEBUG_INFO = INCLUDE_SOURCE;
				MTL_FAST_MATH = YES;
				ONLY_ACTIVE_ARCH = YES;
				SDKROOT = iphoneos;
				SWIFT_ACTIVE_COMPILATION_CONDITIONS = DEBUG;
				SWIFT_OPTIMIZATION_LEVEL = "-Onone";
			};
			name = Debug;
		};
		5078850029EE2DFF00982CCC /* Release */ = {
			isa = XCBuildConfiguration;
			buildSettings = {
				ALWAYS_SEARCH_USER_PATHS = NO;
				CLANG_ANALYZER_NONNULL = YES;
				CLANG_ANALYZER_NUMBER_OBJECT_CONVERSION = YES_AGGRESSIVE;
				CLANG_CXX_LANGUAGE_STANDARD = "gnu++20";
				CLANG_ENABLE_MODULES = YES;
				CLANG_ENABLE_OBJC_ARC = YES;
				CLANG_ENABLE_OBJC_WEAK = YES;
				CLANG_WARN_BLOCK_CAPTURE_AUTORELEASING = YES;
				CLANG_WARN_BOOL_CONVERSION = YES;
				CLANG_WARN_COMMA = YES;
				CLANG_WARN_CONSTANT_CONVERSION = YES;
				CLANG_WARN_DEPRECATED_OBJC_IMPLEMENTATIONS = YES;
				CLANG_WARN_DIRECT_OBJC_ISA_USAGE = YES_ERROR;
				CLANG_WARN_DOCUMENTATION_COMMENTS = YES;
				CLANG_WARN_EMPTY_BODY = YES;
				CLANG_WARN_ENUM_CONVERSION = YES;
				CLANG_WARN_INFINITE_RECURSION = YES;
				CLANG_WARN_INT_CONVERSION = YES;
				CLANG_WARN_NON_LITERAL_NULL_CONVERSION = YES;
				CLANG_WARN_OBJC_IMPLICIT_RETAIN_SELF = YES;
				CLANG_WARN_OBJC_LITERAL_CONVERSION = YES;
				CLANG_WARN_OBJC_ROOT_CLASS = YES_ERROR;
				CLANG_WARN_QUOTED_INCLUDE_IN_FRAMEWORK_HEADER = YES;
				CLANG_WARN_RANGE_LOOP_ANALYSIS = YES;
				CLANG_WARN_STRICT_PROTOTYPES = YES;
				CLANG_WARN_SUSPICIOUS_MOVE = YES;
				CLANG_WARN_UNGUARDED_AVAILABILITY = YES_AGGRESSIVE;
				CLANG_WARN_UNREACHABLE_CODE = YES;
				CLANG_WARN__DUPLICATE_METHOD_MATCH = YES;
				COPY_PHASE_STRIP = NO;
				DEBUG_INFORMATION_FORMAT = "dwarf-with-dsym";
				ENABLE_NS_ASSERTIONS = NO;
				ENABLE_STRICT_OBJC_MSGSEND = YES;
				GCC_C_LANGUAGE_STANDARD = gnu11;
				GCC_NO_COMMON_BLOCKS = YES;
				GCC_WARN_64_TO_32_BIT_CONVERSION = YES;
				GCC_WARN_ABOUT_RETURN_TYPE = YES_ERROR;
				GCC_WARN_UNDECLARED_SELECTOR = YES;
				GCC_WARN_UNINITIALIZED_AUTOS = YES_AGGRESSIVE;
				GCC_WARN_UNUSED_FUNCTION = YES;
				GCC_WARN_UNUSED_VARIABLE = YES;
				IPHONEOS_DEPLOYMENT_TARGET = 16.4;
				MTL_ENABLE_DEBUG_INFO = NO;
				MTL_FAST_MATH = YES;
				SDKROOT = iphoneos;
				SWIFT_COMPILATION_MODE = wholemodule;
				SWIFT_OPTIMIZATION_LEVEL = "-O";
				VALIDATE_PRODUCT = YES;
			};
			name = Release;
		};
		5078850229EE2DFF00982CCC /* Debug */ = {
			isa = XCBuildConfiguration;
			buildSettings = {
				ASSETCATALOG_COMPILER_APPICON_NAME = AppIcon;
				ASSETCATALOG_COMPILER_GLOBAL_ACCENT_COLOR_NAME = AccentColor;
				CODE_SIGN_ENTITLEMENTS = CampusFit/CampusFit.entitlements;
				CODE_SIGN_STYLE = Automatic;
				CURRENT_PROJECT_VERSION = 1;
				DEVELOPMENT_ASSET_PATHS = "\"CampusFit/Preview Content\"";
				ENABLE_PREVIEWS = YES;
				GENERATE_INFOPLIST_FILE = YES;
				INFOPLIST_KEY_UIApplicationSceneManifest_Generation = YES;
				INFOPLIST_KEY_UIApplicationSupportsIndirectInputEvents = YES;
				INFOPLIST_KEY_UILaunchScreen_Generation = YES;
				INFOPLIST_KEY_UISupportedInterfaceOrientations_iPad = "UIInterfaceOrientationPortrait UIInterfaceOrientationPortraitUpsideDown UIInterfaceOrientationLandscapeLeft UIInterfaceOrientationLandscapeRight";
				INFOPLIST_KEY_UISupportedInterfaceOrientations_iPhone = "UIInterfaceOrientationPortrait UIInterfaceOrientationLandscapeLeft UIInterfaceOrientationLandscapeRight";
				LD_RUNPATH_SEARCH_PATHS = (
					"$(inherited)",
					"@executable_path/Frameworks",
				);
				MARKETING_VERSION = 1.0;
				PRODUCT_BUNDLE_IDENTIFIER = "Nawoda-W.CampusFit";
				PRODUCT_NAME = "$(TARGET_NAME)";
				SWIFT_EMIT_LOC_STRINGS = YES;
				SWIFT_VERSION = 5.0;
				TARGETED_DEVICE_FAMILY = "1,2";
			};
			name = Debug;
		};
		5078850329EE2DFF00982CCC /* Release */ = {
			isa = XCBuildConfiguration;
			buildSettings = {
				ASSETCATALOG_COMPILER_APPICON_NAME = AppIcon;
				ASSETCATALOG_COMPILER_GLOBAL_ACCENT_COLOR_NAME = AccentColor;
				CODE_SIGN_ENTITLEMENTS = CampusFit/CampusFit.entitlements;
				CODE_SIGN_STYLE = Automatic;
				CURRENT_PROJECT_VERSION = 1;
				DEVELOPMENT_ASSET_PATHS = "\"CampusFit/Preview Content\"";
				ENABLE_PREVIEWS = YES;
				GENERATE_INFOPLIST_FILE = YES;
				INFOPLIST_KEY_UIApplicationSceneManifest_Generation = YES;
				INFOPLIST_KEY_UIApplicationSupportsIndirectInputEvents = YES;
				INFOPLIST_KEY_UILaunchScreen_Generation = YES;
				INFOPLIST_KEY_UISupportedInterfaceOrientations_iPad = "UIInterfaceOrientationPortrait UIInterfaceOrientationPortraitUpsideDown UIInterfaceOrientationLandscapeLeft UIInterfaceOrientationLandscapeRight";
				INFOPLIST_KEY_UISupportedInterfaceOrientations_iPhone = "UIInterfaceOrientationPortrait UIInterfaceOrientationLandscapeLeft UIInterfaceOrientationLandscapeRight";
				LD_RUNPATH_SEARCH_PATHS = (
					"$(inherited)",
					"@executable_path/Frameworks",
				);
				MARKETING_VERSION = 1.0;
				PRODUCT_BUNDLE_IDENTIFIER = "Nawoda-W.CampusFit";
				PRODUCT_NAME = "$(TARGET_NAME)";
				SWIFT_EMIT_LOC_STRINGS = YES;
				SWIFT_VERSION = 5.0;
				TARGETED_DEVICE_FAMILY = "1,2";
			};
			name = Release;
		};
/* End XCBuildConfiguration section */

/* Begin XCConfigurationList section */
		507884EE29EE2DFD00982CCC /* Build configuration list for PBXProject "CampusFit" */ = {
			isa = XCConfigurationList;
			buildConfigurations = (
				507884FF29EE2DFF00982CCC /* Debug */,
				5078850029EE2DFF00982CCC /* Release */,
			);
			defaultConfigurationIsVisible = 0;
			defaultConfigurationName = Release;
		};
		5078850129EE2DFF00982CCC /* Build configuration list for PBXNativeTarget "CampusFit" */ = {
			isa = XCConfigurationList;
			buildConfigurations = (
				5078850229EE2DFF00982CCC /* Debug */,
				5078850329EE2DFF00982CCC /* Release */,
			);
			defaultConfigurationIsVisible = 0;
			defaultConfigurationName = Release;
		};
/* End XCConfigurationList section */

/* Begin XCRemoteSwiftPackageReference section */
		50595C8F29FB49500061C50E /* XCRemoteSwiftPackageReference "firebase-ios-sdk" */ = {
			isa = XCRemoteSwiftPackageReference;
			repositoryURL = "https://github.com/firebase/firebase-ios-sdk";
			requirement = {
				kind = upToNextMajorVersion;
				minimumVersion = 10.0.0;
			};
		};
/* End XCRemoteSwiftPackageReference section */

/* Begin XCSwiftPackageProductDependency section */
		50595C9029FB49500061C50E /* FirebaseAnalytics */ = {
			isa = XCSwiftPackageProductDependency;
			package = 50595C8F29FB49500061C50E /* XCRemoteSwiftPackageReference "firebase-ios-sdk" */;
			productName = FirebaseAnalytics;
		};
		50595C9229FB49500061C50E /* FirebaseAnalyticsOnDeviceConversion */ = {
			isa = XCSwiftPackageProductDependency;
			package = 50595C8F29FB49500061C50E /* XCRemoteSwiftPackageReference "firebase-ios-sdk" */;
			productName = FirebaseAnalyticsOnDeviceConversion;
		};
		50595C9429FB49500061C50E /* FirebaseAnalyticsSwift */ = {
			isa = XCSwiftPackageProductDependency;
			package = 50595C8F29FB49500061C50E /* XCRemoteSwiftPackageReference "firebase-ios-sdk" */;
			productName = FirebaseAnalyticsSwift;
		};
		50595C9629FB49500061C50E /* FirebaseAnalyticsWithoutAdIdSupport */ = {
			isa = XCSwiftPackageProductDependency;
			package = 50595C8F29FB49500061C50E /* XCRemoteSwiftPackageReference "firebase-ios-sdk" */;
			productName = FirebaseAnalyticsWithoutAdIdSupport;
		};
		50595C9829FB49500061C50E /* FirebaseAppCheck */ = {
			isa = XCSwiftPackageProductDependency;
			package = 50595C8F29FB49500061C50E /* XCRemoteSwiftPackageReference "firebase-ios-sdk" */;
			productName = FirebaseAppCheck;
		};
		50595C9A29FB49500061C50E /* FirebaseAppDistribution-Beta */ = {
			isa = XCSwiftPackageProductDependency;
			package = 50595C8F29FB49500061C50E /* XCRemoteSwiftPackageReference "firebase-ios-sdk" */;
			productName = "FirebaseAppDistribution-Beta";
		};
		50595C9C29FB49500061C50E /* FirebaseAuth */ = {
			isa = XCSwiftPackageProductDependency;
			package = 50595C8F29FB49500061C50E /* XCRemoteSwiftPackageReference "firebase-ios-sdk" */;
			productName = FirebaseAuth;
		};
		50595C9E29FB49500061C50E /* FirebaseAuthCombine-Community */ = {
			isa = XCSwiftPackageProductDependency;
			package = 50595C8F29FB49500061C50E /* XCRemoteSwiftPackageReference "firebase-ios-sdk" */;
			productName = "FirebaseAuthCombine-Community";
		};
		50595CA029FB49500061C50E /* FirebaseCrashlytics */ = {
			isa = XCSwiftPackageProductDependency;
			package = 50595C8F29FB49500061C50E /* XCRemoteSwiftPackageReference "firebase-ios-sdk" */;
			productName = FirebaseCrashlytics;
		};
		50595CA229FB49500061C50E /* FirebaseDatabase */ = {
			isa = XCSwiftPackageProductDependency;
			package = 50595C8F29FB49500061C50E /* XCRemoteSwiftPackageReference "firebase-ios-sdk" */;
			productName = FirebaseDatabase;
		};
		50595CA429FB49500061C50E /* FirebaseDatabaseSwift */ = {
			isa = XCSwiftPackageProductDependency;
			package = 50595C8F29FB49500061C50E /* XCRemoteSwiftPackageReference "firebase-ios-sdk" */;
			productName = FirebaseDatabaseSwift;
		};
		50595CA629FB49500061C50E /* FirebaseDynamicLinks */ = {
			isa = XCSwiftPackageProductDependency;
			package = 50595C8F29FB49500061C50E /* XCRemoteSwiftPackageReference "firebase-ios-sdk" */;
			productName = FirebaseDynamicLinks;
		};
		50595CA829FB49500061C50E /* FirebaseFirestore */ = {
			isa = XCSwiftPackageProductDependency;
			package = 50595C8F29FB49500061C50E /* XCRemoteSwiftPackageReference "firebase-ios-sdk" */;
			productName = FirebaseFirestore;
		};
		50595CAA29FB49500061C50E /* FirebaseFirestoreCombine-Community */ = {
			isa = XCSwiftPackageProductDependency;
			package = 50595C8F29FB49500061C50E /* XCRemoteSwiftPackageReference "firebase-ios-sdk" */;
			productName = "FirebaseFirestoreCombine-Community";
		};
		50595CAC29FB49500061C50E /* FirebaseFirestoreSwift */ = {
			isa = XCSwiftPackageProductDependency;
			package = 50595C8F29FB49500061C50E /* XCRemoteSwiftPackageReference "firebase-ios-sdk" */;
			productName = FirebaseFirestoreSwift;
		};
		50595CAE29FB49500061C50E /* FirebaseFunctions */ = {
			isa = XCSwiftPackageProductDependency;
			package = 50595C8F29FB49500061C50E /* XCRemoteSwiftPackageReference "firebase-ios-sdk" */;
			productName = FirebaseFunctions;
		};
		50595CB029FB49500061C50E /* FirebaseFunctionsCombine-Community */ = {
			isa = XCSwiftPackageProductDependency;
			package = 50595C8F29FB49500061C50E /* XCRemoteSwiftPackageReference "firebase-ios-sdk" */;
			productName = "FirebaseFunctionsCombine-Community";
		};
		50595CB229FB49500061C50E /* FirebaseInAppMessaging-Beta */ = {
			isa = XCSwiftPackageProductDependency;
			package = 50595C8F29FB49500061C50E /* XCRemoteSwiftPackageReference "firebase-ios-sdk" */;
			productName = "FirebaseInAppMessaging-Beta";
		};
		50595CB429FB49500061C50E /* FirebaseInAppMessagingSwift-Beta */ = {
			isa = XCSwiftPackageProductDependency;
			package = 50595C8F29FB49500061C50E /* XCRemoteSwiftPackageReference "firebase-ios-sdk" */;
			productName = "FirebaseInAppMessagingSwift-Beta";
		};
		50595CB629FB49500061C50E /* FirebaseInstallations */ = {
			isa = XCSwiftPackageProductDependency;
			package = 50595C8F29FB49500061C50E /* XCRemoteSwiftPackageReference "firebase-ios-sdk" */;
			productName = FirebaseInstallations;
		};
		50595CB829FB49500061C50E /* FirebaseMLModelDownloader */ = {
			isa = XCSwiftPackageProductDependency;
			package = 50595C8F29FB49500061C50E /* XCRemoteSwiftPackageReference "firebase-ios-sdk" */;
			productName = FirebaseMLModelDownloader;
		};
		50595CBA29FB49500061C50E /* FirebaseMessaging */ = {
			isa = XCSwiftPackageProductDependency;
			package = 50595C8F29FB49500061C50E /* XCRemoteSwiftPackageReference "firebase-ios-sdk" */;
			productName = FirebaseMessaging;
		};
		50595CBC29FB49500061C50E /* FirebasePerformance */ = {
			isa = XCSwiftPackageProductDependency;
			package = 50595C8F29FB49500061C50E /* XCRemoteSwiftPackageReference "firebase-ios-sdk" */;
			productName = FirebasePerformance;
		};
		50595CBE29FB49500061C50E /* FirebaseRemoteConfig */ = {
			isa = XCSwiftPackageProductDependency;
			package = 50595C8F29FB49500061C50E /* XCRemoteSwiftPackageReference "firebase-ios-sdk" */;
			productName = FirebaseRemoteConfig;
		};
		50595CC029FB49500061C50E /* FirebaseRemoteConfigSwift */ = {
			isa = XCSwiftPackageProductDependency;
			package = 50595C8F29FB49500061C50E /* XCRemoteSwiftPackageReference "firebase-ios-sdk" */;
			productName = FirebaseRemoteConfigSwift;
		};
		50595CC229FB49500061C50E /* FirebaseStorage */ = {
			isa = XCSwiftPackageProductDependency;
			package = 50595C8F29FB49500061C50E /* XCRemoteSwiftPackageReference "firebase-ios-sdk" */;
			productName = FirebaseStorage;
		};
		50595CC429FB49500061C50E /* FirebaseStorageCombine-Community */ = {
			isa = XCSwiftPackageProductDependency;
			package = 50595C8F29FB49500061C50E /* XCRemoteSwiftPackageReference "firebase-ios-sdk" */;
			productName = "FirebaseStorageCombine-Community";
		};
/* End XCSwiftPackageProductDependency section */
	};
	rootObject = 507884EB29EE2DFD00982CCC /* Project object */;
}
