// !$*UTF8*$!
{
	archiveVersion = 1;
	classes = {
	};
	objectVersion = 56;
	objects = {

/* Begin PBXBuildFile section */
		507884F729EE2DFD00982CCC /* CampusFitApp.swift in Sources */ = {isa = PBXBuildFile; fileRef = 507884F629EE2DFD00982CCC /* CampusFitApp.swift */; };
		507884FB29EE2DFF00982CCC /* Assets.xcassets in Resources */ = {isa = PBXBuildFile; fileRef = 507884FA29EE2DFF00982CCC /* Assets.xcassets */; };
		507884FE29EE2DFF00982CCC /* Preview Assets.xcassets in Resources */ = {isa = PBXBuildFile; fileRef = 507884FD29EE2DFF00982CCC /* Preview Assets.xcassets */; };
		50C7267F29EF3DFA00249451 /* ChallengeView.swift in Sources */ = {isa = PBXBuildFile; fileRef = 50C7267E29EF3DFA00249451 /* ChallengeView.swift */; };
		50C7268129F0976200249451 /* Profile.swift in Sources */ = {isa = PBXBuildFile; fileRef = 50C7268029F0976200249451 /* Profile.swift */; };
		50C7268529F310FD00249451 /* SettingView.swift in Sources */ = {isa = PBXBuildFile; fileRef = 50C7268429F310FD00249451 /* SettingView.swift */; };
		E33C06C629EF505A00B34C6E /* SocialMedia.swift in Sources */ = {isa = PBXBuildFile; fileRef = E33C06C529EF505A00B34C6E /* SocialMedia.swift */; };
		E33C06C829EF50C700B34C6E /* Message.swift in Sources */ = {isa = PBXBuildFile; fileRef = E33C06C729EF50C700B34C6E /* Message.swift */; };
		E33C06CA29EF50E500B34C6E /* Events.swift in Sources */ = {isa = PBXBuildFile; fileRef = E33C06C929EF50E400B34C6E /* Events.swift */; };
		E33C06CC29EFB53700B34C6E /* Comments.swift in Sources */ = {isa = PBXBuildFile; fileRef = E33C06CB29EFB53700B34C6E /* Comments.swift */; };
		E33C06CE29F08A9500B34C6E /* ContentView.swift in Sources */ = {isa = PBXBuildFile; fileRef = E33C06CD29F08A9500B34C6E /* ContentView.swift */; };
		E33C06D229F09CD900B34C6E /* Share.swift in Sources */ = {isa = PBXBuildFile; fileRef = E33C06D129F09CD900B34C6E /* Share.swift */; };
		E33C06D429F0B05E00B34C6E /* Search.swift in Sources */ = {isa = PBXBuildFile; fileRef = E33C06D329F0B05E00B34C6E /* Search.swift */; };
/* End PBXBuildFile section */

/* Begin PBXFileReference section */
		507884F329EE2DFD00982CCC /* CampusFit.app */ = {isa = PBXFileReference; explicitFileType = wrapper.application; includeInIndex = 0; path = CampusFit.app; sourceTree = BUILT_PRODUCTS_DIR; };
		507884F629EE2DFD00982CCC /* CampusFitApp.swift */ = {isa = PBXFileReference; lastKnownFileType = sourcecode.swift; path = CampusFitApp.swift; sourceTree = "<group>"; };
		507884FA29EE2DFF00982CCC /* Assets.xcassets */ = {isa = PBXFileReference; lastKnownFileType = folder.assetcatalog; path = Assets.xcassets; sourceTree = "<group>"; };
		507884FD29EE2DFF00982CCC /* Preview Assets.xcassets */ = {isa = PBXFileReference; lastKnownFileType = folder.assetcatalog; path = "Preview Assets.xcassets"; sourceTree = "<group>"; };
		50C7267E29EF3DFA00249451 /* ChallengeView.swift */ = {isa = PBXFileReference; lastKnownFileType = sourcecode.swift; path = ChallengeView.swift; sourceTree = "<group>"; };
		50C7268029F0976200249451 /* Profile.swift */ = {isa = PBXFileReference; lastKnownFileType = sourcecode.swift; path = Profile.swift; sourceTree = "<group>"; };
		50C7268429F310FD00249451 /* SettingView.swift */ = {isa = PBXFileReference; lastKnownFileType = sourcecode.swift; path = SettingView.swift; sourceTree = "<group>"; };
		E33C06C529EF505A00B34C6E /* SocialMedia.swift */ = {isa = PBXFileReference; lastKnownFileType = sourcecode.swift; path = SocialMedia.swift; sourceTree = "<group>"; };
		E33C06C729EF50C700B34C6E /* Message.swift */ = {isa = PBXFileReference; lastKnownFileType = sourcecode.swift; path = Message.swift; sourceTree = "<group>"; };
		E33C06C929EF50E400B34C6E /* Events.swift */ = {isa = PBXFileReference; lastKnownFileType = sourcecode.swift; path = Events.swift; sourceTree = "<group>"; };
		E33C06CB29EFB53700B34C6E /* Comments.swift */ = {isa = PBXFileReference; lastKnownFileType = sourcecode.swift; path = Comments.swift; sourceTree = "<group>"; };
		E33C06CD29F08A9500B34C6E /* ContentView.swift */ = {isa = PBXFileReference; lastKnownFileType = sourcecode.swift; path = ContentView.swift; sourceTree = "<group>"; };
		E33C06D129F09CD900B34C6E /* Share.swift */ = {isa = PBXFileReference; lastKnownFileType = sourcecode.swift; path = Share.swift; sourceTree = "<group>"; };
		E33C06D329F0B05E00B34C6E /* Search.swift */ = {isa = PBXFileReference; lastKnownFileType = sourcecode.swift; path = Search.swift; sourceTree = "<group>"; };
/* End PBXFileReference section */

/* Begin PBXFrameworksBuildPhase section */
		507884F029EE2DFD00982CCC /* Frameworks */ = {
			isa = PBXFrameworksBuildPhase;
			buildActionMask = 2147483647;
			files = (
			);
			runOnlyForDeploymentPostprocessing = 0;
		};
/* End PBXFrameworksBuildPhase section */

/* Begin PBXGroup section */
		507884EA29EE2DFD00982CCC = {
			isa = PBXGroup;
			children = (
				507884F529EE2DFD00982CCC /* CampusFit */,
				507884F429EE2DFD00982CCC /* Products */,
			);
			sourceTree = "<group>";
		};
		507884F429EE2DFD00982CCC /* Products */ = {
			isa = PBXGroup;
			children = (
				507884F329EE2DFD00982CCC /* CampusFit.app */,
			);
			name = Products;
			sourceTree = "<group>";
		};
		507884F529EE2DFD00982CCC /* CampusFit */ = {
			isa = PBXGroup;
			children = (
				507884F629EE2DFD00982CCC /* CampusFitApp.swift */,
				E33C06CD29F08A9500B34C6E /* ContentView.swift */,
				E33C06C529EF505A00B34C6E /* SocialMedia.swift */,
				50C7268029F0976200249451 /* Profile.swift */,
				50C7268429F310FD00249451 /* SettingView.swift */,
				50C7267E29EF3DFA00249451 /* ChallengeView.swift */,
				E33C06D329F0B05E00B34C6E /* Search.swift */,
				E33C06C929EF50E400B34C6E /* Events.swift */,
				E33C06C729EF50C700B34C6E /* Message.swift */,
				E33C06CB29EFB53700B34C6E /* Comments.swift */,
				E33C06D129F09CD900B34C6E /* Share.swift */,
				507884FA29EE2DFF00982CCC /* Assets.xcassets */,
				507884FC29EE2DFF00982CCC /* Preview Content */,
			);
			path = CampusFit;
			sourceTree = "<group>";
		};
		507884FC29EE2DFF00982CCC /* Preview Content */ = {
			isa = PBXGroup;
			children = (
				507884FD29EE2DFF00982CCC /* Preview Assets.xcassets */,
			);
			path = "Preview Content";
			sourceTree = "<group>";
		};
/* End PBXGroup section */

/* Begin PBXNativeTarget section */
		507884F229EE2DFD00982CCC /* CampusFit */ = {
			isa = PBXNativeTarget;
			buildConfigurationList = 5078850129EE2DFF00982CCC /* Build configuration list for PBXNativeTarget "CampusFit" */;
			buildPhases = (
				507884EF29EE2DFD00982CCC /* Sources */,
				507884F029EE2DFD00982CCC /* Frameworks */,
				507884F129EE2DFD00982CCC /* Resources */,
			);
			buildRules = (
			);
			dependencies = (
			);
			name = CampusFit;
			productName = CampusFit;
			productReference = 507884F329EE2DFD00982CCC /* CampusFit.app */;
			productType = "com.apple.product-type.application";
		};
/* End PBXNativeTarget section */

/* Begin PBXProject section */
		507884EB29EE2DFD00982CCC /* Project object */ = {
			isa = PBXProject;
			attributes = {
				BuildIndependentTargetsInParallel = 1;
				LastSwiftUpdateCheck = 1430;
				LastUpgradeCheck = 1430;
				TargetAttributes = {
					507884F229EE2DFD00982CCC = {
						CreatedOnToolsVersion = 14.3;
					};
				};
			};
			buildConfigurationList = 507884EE29EE2DFD00982CCC /* Build configuration list for PBXProject "CampusFit" */;
			compatibilityVersion = "Xcode 14.0";
			developmentRegion = en;
			hasScannedForEncodings = 0;
			knownRegions = (
				en,
				Base,
			);
			mainGroup = 507884EA29EE2DFD00982CCC;
			productRefGroup = 507884F429EE2DFD00982CCC /* Products */;
			projectDirPath = "";
			projectRoot = "";
			targets = (
				507884F229EE2DFD00982CCC /* CampusFit */,
			);
		};
/* End PBXProject section */

/* Begin PBXResourcesBuildPhase section */
		507884F129EE2DFD00982CCC /* Resources */ = {
			isa = PBXResourcesBuildPhase;
			buildActionMask = 2147483647;
			files = (
				507884FE29EE2DFF00982CCC /* Preview Assets.xcassets in Resources */,
				507884FB29EE2DFF00982CCC /* Assets.xcassets in Resources */,
			);
			runOnlyForDeploymentPostprocessing = 0;
		};
/* End PBXResourcesBuildPhase section */

/* Begin PBXSourcesBuildPhase section */
		507884EF29EE2DFD00982CCC /* Sources */ = {
			isa = PBXSourcesBuildPhase;
			buildActionMask = 2147483647;
			files = (
				50C7268529F310FD00249451 /* SettingView.swift in Sources */,
				50C7268129F0976200249451 /* Profile.swift in Sources */,
				E33C06C629EF505A00B34C6E /* SocialMedia.swift in Sources */,
				E33C06CC29EFB53700B34C6E /* Comments.swift in Sources */,
				E33C06D229F09CD900B34C6E /* Share.swift in Sources */,
				E33C06CE29F08A9500B34C6E /* ContentView.swift in Sources */,
				E33C06C829EF50C700B34C6E /* Message.swift in Sources */,
				E33C06D429F0B05E00B34C6E /* Search.swift in Sources */,
				507884F729EE2DFD00982CCC /* CampusFitApp.swift in Sources */,
				50C7267F29EF3DFA00249451 /* ChallengeView.swift in Sources */,
				E33C06CA29EF50E500B34C6E /* Events.swift in Sources */,
			);
			runOnlyForDeploymentPostprocessing = 0;
		};
/* End PBXSourcesBuildPhase section */

/* Begin XCBuildConfiguration section */
		507884FF29EE2DFF00982CCC /* Debug */ = {
			isa = XCBuildConfiguration;
			buildSettings = {
				ALWAYS_SEARCH_USER_PATHS = NO;
				CLANG_ANALYZER_NONNULL = YES;
				CLANG_ANALYZER_NUMBER_OBJECT_CONVERSION = YES_AGGRESSIVE;
				CLANG_CXX_LANGUAGE_STANDARD = "gnu++20";
				CLANG_ENABLE_MODULES = YES;
				CLANG_ENABLE_OBJC_ARC = YES;
				CLANG_ENABLE_OBJC_WEAK = YES;
				CLANG_WARN_BLOCK_CAPTURE_AUTORELEASING = YES;
				CLANG_WARN_BOOL_CONVERSION = YES;
				CLANG_WARN_COMMA = YES;
				CLANG_WARN_CONSTANT_CONVERSION = YES;
				CLANG_WARN_DEPRECATED_OBJC_IMPLEMENTATIONS = YES;
				CLANG_WARN_DIRECT_OBJC_ISA_USAGE = YES_ERROR;
				CLANG_WARN_DOCUMENTATION_COMMENTS = YES;
				CLANG_WARN_EMPTY_BODY = YES;
				CLANG_WARN_ENUM_CONVERSION = YES;
				CLANG_WARN_INFINITE_RECURSION = YES;
				CLANG_WARN_INT_CONVERSION = YES;
				CLANG_WARN_NON_LITERAL_NULL_CONVERSION = YES;
				CLANG_WARN_OBJC_IMPLICIT_RETAIN_SELF = YES;
				CLANG_WARN_OBJC_LITERAL_CONVERSION = YES;
				CLANG_WARN_OBJC_ROOT_CLASS = YES_ERROR;
				CLANG_WARN_QUOTED_INCLUDE_IN_FRAMEWORK_HEADER = YES;
				CLANG_WARN_RANGE_LOOP_ANALYSIS = YES;
				CLANG_WARN_STRICT_PROTOTYPES = YES;
				CLANG_WARN_SUSPICIOUS_MOVE = YES;
				CLANG_WARN_UNGUARDED_AVAILABILITY = YES_AGGRESSIVE;
				CLANG_WARN_UNREACHABLE_CODE = YES;
				CLANG_WARN__DUPLICATE_METHOD_MATCH = YES;
				COPY_PHASE_STRIP = NO;
				DEBUG_INFORMATION_FORMAT = dwarf;
				ENABLE_STRICT_OBJC_MSGSEND = YES;
				ENABLE_TESTABILITY = YES;
				GCC_C_LANGUAGE_STANDARD = gnu11;
				GCC_DYNAMIC_NO_PIC = NO;
				GCC_NO_COMMON_BLOCKS = YES;
				GCC_OPTIMIZATION_LEVEL = 0;
				GCC_PREPROCESSOR_DEFINITIONS = (
					"DEBUG=1",
					"$(inherited)",
				);
				GCC_WARN_64_TO_32_BIT_CONVERSION = YES;
				GCC_WARN_ABOUT_RETURN_TYPE = YES_ERROR;
				GCC_WARN_UNDECLARED_SELECTOR = YES;
				GCC_WARN_UNINITIALIZED_AUTOS = YES_AGGRESSIVE;
				GCC_WARN_UNUSED_FUNCTION = YES;
				GCC_WARN_UNUSED_VARIABLE = YES;
				IPHONEOS_DEPLOYMENT_TARGET = 16.4;
				MTL_ENABLE_DEBUG_INFO = INCLUDE_SOURCE;
				MTL_FAST_MATH = YES;
				ONLY_ACTIVE_ARCH = YES;
				SDKROOT = iphoneos;
				SWIFT_ACTIVE_COMPILATION_CONDITIONS = DEBUG;
				SWIFT_OPTIMIZATION_LEVEL = "-Onone";
			};
			name = Debug;
		};
		5078850029EE2DFF00982CCC /* Release */ = {
			isa = XCBuildConfiguration;
			buildSettings = {
				ALWAYS_SEARCH_USER_PATHS = NO;
				CLANG_ANALYZER_NONNULL = YES;
				CLANG_ANALYZER_NUMBER_OBJECT_CONVERSION = YES_AGGRESSIVE;
				CLANG_CXX_LANGUAGE_STANDARD = "gnu++20";
				CLANG_ENABLE_MODULES = YES;
				CLANG_ENABLE_OBJC_ARC = YES;
				CLANG_ENABLE_OBJC_WEAK = YES;
				CLANG_WARN_BLOCK_CAPTURE_AUTORELEASING = YES;
				CLANG_WARN_BOOL_CONVERSION = YES;
				CLANG_WARN_COMMA = YES;
				CLANG_WARN_CONSTANT_CONVERSION = YES;
				CLANG_WARN_DEPRECATED_OBJC_IMPLEMENTATIONS = YES;
				CLANG_WARN_DIRECT_OBJC_ISA_USAGE = YES_ERROR;
				CLANG_WARN_DOCUMENTATION_COMMENTS = YES;
				CLANG_WARN_EMPTY_BODY = YES;
				CLANG_WARN_ENUM_CONVERSION = YES;
				CLANG_WARN_INFINITE_RECURSION = YES;
				CLANG_WARN_INT_CONVERSION = YES;
				CLANG_WARN_NON_LITERAL_NULL_CONVERSION = YES;
				CLANG_WARN_OBJC_IMPLICIT_RETAIN_SELF = YES;
				CLANG_WARN_OBJC_LITERAL_CONVERSION = YES;
				CLANG_WARN_OBJC_ROOT_CLASS = YES_ERROR;
				CLANG_WARN_QUOTED_INCLUDE_IN_FRAMEWORK_HEADER = YES;
				CLANG_WARN_RANGE_LOOP_ANALYSIS = YES;
				CLANG_WARN_STRICT_PROTOTYPES = YES;
				CLANG_WARN_SUSPICIOUS_MOVE = YES;
				CLANG_WARN_UNGUARDED_AVAILABILITY = YES_AGGRESSIVE;
				CLANG_WARN_UNREACHABLE_CODE = YES;
				CLANG_WARN__DUPLICATE_METHOD_MATCH = YES;
				COPY_PHASE_STRIP = NO;
				DEBUG_INFORMATION_FORMAT = "dwarf-with-dsym";
				ENABLE_NS_ASSERTIONS = NO;
				ENABLE_STRICT_OBJC_MSGSEND = YES;
				GCC_C_LANGUAGE_STANDARD = gnu11;
				GCC_NO_COMMON_BLOCKS = YES;
				GCC_WARN_64_TO_32_BIT_CONVERSION = YES;
				GCC_WARN_ABOUT_RETURN_TYPE = YES_ERROR;
				GCC_WARN_UNDECLARED_SELECTOR = YES;
				GCC_WARN_UNINITIALIZED_AUTOS = YES_AGGRESSIVE;
				GCC_WARN_UNUSED_FUNCTION = YES;
				GCC_WARN_UNUSED_VARIABLE = YES;
				IPHONEOS_DEPLOYMENT_TARGET = 16.4;
				MTL_ENABLE_DEBUG_INFO = NO;
				MTL_FAST_MATH = YES;
				SDKROOT = iphoneos;
				SWIFT_COMPILATION_MODE = wholemodule;
				SWIFT_OPTIMIZATION_LEVEL = "-O";
				VALIDATE_PRODUCT = YES;
			};
			name = Release;
		};
		5078850229EE2DFF00982CCC /* Debug */ = {
			isa = XCBuildConfiguration;
			buildSettings = {
				ASSETCATALOG_COMPILER_APPICON_NAME = AppIcon;
				ASSETCATALOG_COMPILER_GLOBAL_ACCENT_COLOR_NAME = AccentColor;
				CODE_SIGN_STYLE = Automatic;
				CURRENT_PROJECT_VERSION = 1;
				DEVELOPMENT_ASSET_PATHS = "\"CampusFit/Preview Content\"";
				ENABLE_PREVIEWS = YES;
				GENERATE_INFOPLIST_FILE = YES;
				INFOPLIST_KEY_UIApplicationSceneManifest_Generation = YES;
				INFOPLIST_KEY_UIApplicationSupportsIndirectInputEvents = YES;
				INFOPLIST_KEY_UILaunchScreen_Generation = YES;
				INFOPLIST_KEY_UISupportedInterfaceOrientations_iPad = "UIInterfaceOrientationPortrait UIInterfaceOrientationPortraitUpsideDown UIInterfaceOrientationLandscapeLeft UIInterfaceOrientationLandscapeRight";
				INFOPLIST_KEY_UISupportedInterfaceOrientations_iPhone = "UIInterfaceOrientationPortrait UIInterfaceOrientationLandscapeLeft UIInterfaceOrientationLandscapeRight";
				LD_RUNPATH_SEARCH_PATHS = (
					"$(inherited)",
					"@executable_path/Frameworks",
				);
				MARKETING_VERSION = 1.0;
				PRODUCT_BUNDLE_IDENTIFIER = "Nawoda-W.CampusFit";
				PRODUCT_NAME = "$(TARGET_NAME)";
				SWIFT_EMIT_LOC_STRINGS = YES;
				SWIFT_VERSION = 5.0;
				TARGETED_DEVICE_FAMILY = "1,2";
			};
			name = Debug;
		};
		5078850329EE2DFF00982CCC /* Release */ = {
			isa = XCBuildConfiguration;
			buildSettings = {
				ASSETCATALOG_COMPILER_APPICON_NAME = AppIcon;
				ASSETCATALOG_COMPILER_GLOBAL_ACCENT_COLOR_NAME = AccentColor;
				CODE_SIGN_STYLE = Automatic;
				CURRENT_PROJECT_VERSION = 1;
				DEVELOPMENT_ASSET_PATHS = "\"CampusFit/Preview Content\"";
				ENABLE_PREVIEWS = YES;
				GENERATE_INFOPLIST_FILE = YES;
				INFOPLIST_KEY_UIApplicationSceneManifest_Generation = YES;
				INFOPLIST_KEY_UIApplicationSupportsIndirectInputEvents = YES;
				INFOPLIST_KEY_UILaunchScreen_Generation = YES;
				INFOPLIST_KEY_UISupportedInterfaceOrientations_iPad = "UIInterfaceOrientationPortrait UIInterfaceOrientationPortraitUpsideDown UIInterfaceOrientationLandscapeLeft UIInterfaceOrientationLandscapeRight";
				INFOPLIST_KEY_UISupportedInterfaceOrientations_iPhone = "UIInterfaceOrientationPortrait UIInterfaceOrientationLandscapeLeft UIInterfaceOrientationLandscapeRight";
				LD_RUNPATH_SEARCH_PATHS = (
					"$(inherited)",
					"@executable_path/Frameworks",
				);
				MARKETING_VERSION = 1.0;
				PRODUCT_BUNDLE_IDENTIFIER = "Nawoda-W.CampusFit";
				PRODUCT_NAME = "$(TARGET_NAME)";
				SWIFT_EMIT_LOC_STRINGS = YES;
				SWIFT_VERSION = 5.0;
				TARGETED_DEVICE_FAMILY = "1,2";
			};
			name = Release;
		};
/* End XCBuildConfiguration section */

/* Begin XCConfigurationList section */
		507884EE29EE2DFD00982CCC /* Build configuration list for PBXProject "CampusFit" */ = {
			isa = XCConfigurationList;
			buildConfigurations = (
				507884FF29EE2DFF00982CCC /* Debug */,
				5078850029EE2DFF00982CCC /* Release */,
			);
			defaultConfigurationIsVisible = 0;
			defaultConfigurationName = Release;
		};
		5078850129EE2DFF00982CCC /* Build configuration list for PBXNativeTarget "CampusFit" */ = {
			isa = XCConfigurationList;
			buildConfigurations = (
				5078850229EE2DFF00982CCC /* Debug */,
				5078850329EE2DFF00982CCC /* Release */,
			);
			defaultConfigurationIsVisible = 0;
			defaultConfigurationName = Release;
		};
/* End XCConfigurationList section */
	};
	rootObject = 507884EB29EE2DFD00982CCC /* Project object */;
}
